
Microsoft Visual Studio Solution File, Format Version 12.00
# Visual Studio Version 16
VisualStudioVersion = 16.0.29209.152
MinimumVisualStudioVersion = 10.0.40219.1
Project("{FAE04EC0-301F-11D3-BF4B-00C04F79EFBC}") = "NetExtensions.ValueObject", "NetExtensions.ValueObject.csproj", "{4E83C337-A31D-432E-8CCB-7B4CD9A55285}"
EndProject
Global
	GlobalSection(SolutionConfigurationPlatforms) = preSolution
		Debug|Any CPU = Debug|Any CPU
		Release|Any CPU = Release|Any CPU
	EndGlobalSection
	GlobalSection(ProjectConfigurationPlatforms) = postSolution
		{4E83C337-A31D-432E-8CCB-7B4CD9A55285}.Debug|Any CPU.ActiveCfg = Debug|Any CPU
		{4E83C337-A31D-432E-8CCB-7B4CD9A55285}.Debug|Any CPU.Build.0 = Debug|Any CPU
		{4E83C337-A31D-432E-8CCB-7B4CD9A55285}.Release|Any CPU.ActiveCfg = Release|Any CPU
		{4E83C337-A31D-432E-8CCB-7B4CD9A55285}.Release|Any CPU.Build.0 = Release|Any CPU
	EndGlobalSection
	GlobalSection(SolutionProperties) = preSolution
		HideSolutionNode = FALSE
	EndGlobalSection
	GlobalSection(ExtensibilityGlobals) = postSolution
		SolutionGuid = {6F2D961F-F227-45C2-A2B2-3C0EA8E10681}
	EndGlobalSection
EndGlobal
